
Microsoft Visual Studio Solution File, Format Version 12.00
# Visual Studio 15
Project("{FAE04EC0-301F-11D3-BF4B-00C04F79EFBC}") = "Assembly-CSharp", "Assembly-CSharp.csproj", "{78A2F83B-F59E-B36A-AE1B-5DA94E515779}"
EndProject
Project("{FAE04EC0-301F-11D3-BF4B-00C04F79EFBC}") = "Assembly-CSharp-Editor", "Assembly-CSharp-Editor.csproj", "{047AAD16-699F-6CAF-C7D1-6B926F70F670}"
EndProject
Global
	GlobalSection(SolutionConfigurationPlatforms) = preSolution
		Debug|Any CPU = Debug|Any CPU
		Release|Any CPU = Release|Any CPU
	EndGlobalSection
	GlobalSection(ProjectConfigurationPlatforms) = postSolution
		{78A2F83B-F59E-B36A-AE1B-5DA94E515779}.Debug|Any CPU.ActiveCfg = Debug|Any CPU
		{78A2F83B-F59E-B36A-AE1B-5DA94E515779}.Debug|Any CPU.Build.0 = Debug|Any CPU
		{78A2F83B-F59E-B36A-AE1B-5DA94E515779}.Release|Any CPU.ActiveCfg = Release|Any CPU
		{78A2F83B-F59E-B36A-AE1B-5DA94E515779}.Release|Any CPU.Build.0 = Release|Any CPU
		{047AAD16-699F-6CAF-C7D1-6B926F70F670}.Debug|Any CPU.ActiveCfg = Debug|Any CPU
		{047AAD16-699F-6CAF-C7D1-6B926F70F670}.Debug|Any CPU.Build.0 = Debug|Any CPU
		{047AAD16-699F-6CAF-C7D1-6B926F70F670}.Release|Any CPU.ActiveCfg = Release|Any CPU
		{047AAD16-699F-6CAF-C7D1-6B926F70F670}.Release|Any CPU.Build.0 = Release|Any CPU
	EndGlobalSection
	GlobalSection(SolutionProperties) = preSolution
		HideSolutionNode = FALSE
	EndGlobalSection
EndGlobal
